{
  "version": 4,
  "terraform_version": "1.10.5",
  "serial": 35,
  "lineage": "a702dce8-62d9-94ef-2192-1bbf18fee145",
  "outputs": {
    "iam_user_list": {
      "value": [
        {
          "dev10": {
            "arn": "arn:aws:iam::651706743325:user/dev10",
            "force_destroy": false,
            "id": "dev10",
            "name": "dev10",
            "path": "/",
            "permissions_boundary": "",
            "tags": null,
            "tags_all": {},
            "unique_id": "AIDAZPPF7XIOSIQ2XHVBU"
          },
          "dev11": {
            "arn": "arn:aws:iam::651706743325:user/dev11",
            "force_destroy": false,
            "id": "dev11",
            "name": "dev11",
            "path": "/",
            "permissions_boundary": "",
            "tags": null,
            "tags_all": {},
            "unique_id": "AIDAZPPF7XIOSC5JVB7WR"
          },
          "dev12": {
            "arn": "arn:aws:iam::651706743325:user/dev12",
            "force_destroy": false,
            "id": "dev12",
            "name": "dev12",
            "path": "/",
            "permissions_boundary": "",
            "tags": null,
            "tags_all": {},
            "unique_id": "AIDAZPPF7XIOQLQW652U6"
          }
        }
      ],
      "type": [
        "tuple",
        [
          [
            "object",
            {
              "dev10": [
                "object",
                {
                  "arn": "string",
                  "force_destroy": "bool",
                  "id": "string",
                  "name": "string",
                  "path": "string",
                  "permissions_boundary": "string",
                  "tags": [
                    "map",
                    "string"
                  ],
                  "tags_all": [
                    "map",
                    "string"
                  ],
                  "unique_id": "string"
                }
              ],
              "dev11": [
                "object",
                {
                  "arn": "string",
                  "force_destroy": "bool",
                  "id": "string",
                  "name": "string",
                  "path": "string",
                  "permissions_boundary": "string",
                  "tags": [
                    "map",
                    "string"
                  ],
                  "tags_all": [
                    "map",
                    "string"
                  ],
                  "unique_id": "string"
                }
              ],
              "dev12": [
                "object",
                {
                  "arn": "string",
                  "force_destroy": "bool",
                  "id": "string",
                  "name": "string",
                  "path": "string",
                  "permissions_boundary": "string",
                  "tags": [
                    "map",
                    "string"
                  ],
                  "tags_all": [
                    "map",
                    "string"
                  ],
                  "unique_id": "string"
                }
              ]
            }
          ]
        ]
      ]
    }
  },
  "resources": [
    {
      "mode": "data",
      "type": "aws_iam_policy_document",
      "name": "cloudwatch_full_access",
      "provider": "provider[\"registry.terraform.io/hashicorp/aws\"]",
      "instances": [
        {
          "schema_version": 0,
          "attributes": {
            "id": "1302813787",
            "json": "{\n  \"Version\": \"2012-10-17\",\n  \"Statement\": [\n    {\n      \"Effect\": \"Allow\",\n      \"Action\": \"cloudwatch:*\",\n      \"Resource\": \"*\"\n    }\n  ]\n}",
            "minified_json": "{\"Version\":\"2012-10-17\",\"Statement\":[{\"Effect\":\"Allow\",\"Action\":\"cloudwatch:*\",\"Resource\":\"*\"}]}",
            "override_json": null,
            "override_policy_documents": null,
            "policy_id": null,
            "source_json": null,
            "source_policy_documents": null,
            "statement": [
              {
                "actions": [
                  "cloudwatch:*"
                ],
                "condition": [],
                "effect": "Allow",
                "not_actions": [],
                "not_principals": [],
                "not_resources": [],
                "principals": [],
                "resources": [
                  "*"
                ],
                "sid": ""
              }
            ],
            "version": "2012-10-17"
          },
          "sensitive_attributes": []
        }
      ]
    },
    {
      "mode": "data",
      "type": "aws_iam_policy_document",
      "name": "cloudwatch_read_only",
      "provider": "provider[\"registry.terraform.io/hashicorp/aws\"]",
      "instances": [
        {
          "schema_version": 0,
          "attributes": {
            "id": "976801125",
            "json": "{\n  \"Version\": \"2012-10-17\",\n  \"Statement\": [\n    {\n      \"Effect\": \"Allow\",\n      \"Action\": [\n        \"cloudwatch:List*\",\n        \"cloudwatch:Get*\",\n        \"cloudwatch:Describe*\"\n      ],\n      \"Resource\": \"*\"\n    }\n  ]\n}",
            "minified_json": "{\"Version\":\"2012-10-17\",\"Statement\":[{\"Effect\":\"Allow\",\"Action\":[\"cloudwatch:List*\",\"cloudwatch:Get*\",\"cloudwatch:Describe*\"],\"Resource\":\"*\"}]}",
            "override_json": null,
            "override_policy_documents": null,
            "policy_id": null,
            "source_json": null,
            "source_policy_documents": null,
            "statement": [
              {
                "actions": [
                  "cloudwatch:Describe*",
                  "cloudwatch:Get*",
                  "cloudwatch:List*"
                ],
                "condition": [],
                "effect": "Allow",
                "not_actions": [],
                "not_principals": [],
                "not_resources": [],
                "principals": [],
                "resources": [
                  "*"
                ],
                "sid": ""
              }
            ],
            "version": "2012-10-17"
          },
          "sensitive_attributes": []
        }
      ]
    },
    {
      "mode": "managed",
      "type": "aws_iam_policy",
      "name": "cloudwatch_full_access",
      "provider": "provider[\"registry.terraform.io/hashicorp/aws\"]",
      "instances": [
        {
          "schema_version": 0,
          "attributes": {
            "arn": "arn:aws:iam::651706743325:policy/terraform-cloudwatch-full-access",
            "attachment_count": 0,
            "description": "",
            "id": "arn:aws:iam::651706743325:policy/terraform-cloudwatch-full-access",
            "name": "terraform-cloudwatch-full-access",
            "name_prefix": "",
            "path": "/",
            "policy": "{\"Statement\":[{\"Action\":\"cloudwatch:*\",\"Effect\":\"Allow\",\"Resource\":\"*\"}],\"Version\":\"2012-10-17\"}",
            "policy_id": "ANPAZPPF7XIOYDK7XUTHA",
            "tags": null,
            "tags_all": {}
          },
          "sensitive_attributes": [],
          "private": "bnVsbA==",
          "dependencies": [
            "data.aws_iam_policy_document.cloudwatch_full_access"
          ]
        }
      ]
    },
    {
      "mode": "managed",
      "type": "aws_iam_policy",
      "name": "cloudwatch_read_only",
      "provider": "provider[\"registry.terraform.io/hashicorp/aws\"]",
      "instances": [
        {
          "schema_version": 0,
          "attributes": {
            "arn": "arn:aws:iam::651706743325:policy/terraform-cloudwatch-read-only",
            "attachment_count": 0,
            "description": "",
            "id": "arn:aws:iam::651706743325:policy/terraform-cloudwatch-read-only",
            "name": "terraform-cloudwatch-read-only",
            "name_prefix": "",
            "path": "/",
            "policy": "{\"Statement\":[{\"Action\":[\"cloudwatch:List*\",\"cloudwatch:Get*\",\"cloudwatch:Describe*\"],\"Effect\":\"Allow\",\"Resource\":\"*\"}],\"Version\":\"2012-10-17\"}",
            "policy_id": "ANPAZPPF7XIOW4X2W6U3R",
            "tags": null,
            "tags_all": {}
          },
          "sensitive_attributes": [],
          "private": "bnVsbA==",
          "dependencies": [
            "data.aws_iam_policy_document.cloudwatch_read_only"
          ]
        }
      ]
    },
    {
      "mode": "managed",
      "type": "aws_iam_user",
      "name": "new_user",
      "provider": "provider[\"registry.terraform.io/hashicorp/aws\"]",
      "instances": [
        {
          "schema_version": 0,
          "attributes": {
            "arn": "arn:aws:iam::651706743325:user/dev_user5",
            "force_destroy": false,
            "id": "dev_user5",
            "name": "dev_user5",
            "path": "/",
            "permissions_boundary": "",
            "tags": null,
            "tags_all": {},
            "unique_id": "AIDAZPPF7XIOQTEGAARLK"
          },
          "sensitive_attributes": [],
          "private": "bnVsbA=="
        }
      ]
    },
    {
      "mode": "managed",
      "type": "aws_iam_user",
      "name": "new_user_list",
      "provider": "provider[\"registry.terraform.io/hashicorp/aws\"]",
      "instances": [
        {
          "index_key": "dev10",
          "schema_version": 0,
          "attributes": {
            "arn": "arn:aws:iam::651706743325:user/dev10",
            "force_destroy": false,
            "id": "dev10",
            "name": "dev10",
            "path": "/",
            "permissions_boundary": "",
            "tags": null,
            "tags_all": {},
            "unique_id": "AIDAZPPF7XIOSIQ2XHVBU"
          },
          "sensitive_attributes": [],
          "private": "bnVsbA=="
        },
        {
          "index_key": "dev11",
          "schema_version": 0,
          "attributes": {
            "arn": "arn:aws:iam::651706743325:user/dev11",
            "force_destroy": false,
            "id": "dev11",
            "name": "dev11",
            "path": "/",
            "permissions_boundary": "",
            "tags": null,
            "tags_all": {},
            "unique_id": "AIDAZPPF7XIOSC5JVB7WR"
          },
          "sensitive_attributes": [],
          "private": "bnVsbA=="
        },
        {
          "index_key": "dev12",
          "schema_version": 0,
          "attributes": {
            "arn": "arn:aws:iam::651706743325:user/dev12",
            "force_destroy": false,
            "id": "dev12",
            "name": "dev12",
            "path": "/",
            "permissions_boundary": "",
            "tags": null,
            "tags_all": {},
            "unique_id": "AIDAZPPF7XIOQLQW652U6"
          },
          "sensitive_attributes": [],
          "private": "bnVsbA=="
        }
      ]
    }
  ],
  "check_results": null
}
